
Microsoft Visual Studio Solution File, Format Version 12.00
# Visual Studio Version 17
VisualStudioVersion = 17.0.32126.317
MinimumVisualStudioVersion = 10.0.40219.1
Project("{FAE04EC0-301F-11D3-BF4B-00C04F79EFBC}") = "TicTac", "TicTac.csproj", "{A673FE16-4E44-4DD0-AC54-1630AD9A95BB}"
EndProject
Global
	GlobalSection(SolutionConfigurationPlatforms) = preSolution
		Debug|Any CPU = Debug|Any CPU
		Release|Any CPU = Release|Any CPU
	EndGlobalSection
	GlobalSection(ProjectConfigurationPlatforms) = postSolution
		{A673FE16-4E44-4DD0-AC54-1630AD9A95BB}.Debug|Any CPU.ActiveCfg = Debug|Any CPU
		{A673FE16-4E44-4DD0-AC54-1630AD9A95BB}.Debug|Any CPU.Build.0 = Debug|Any CPU
		{A673FE16-4E44-4DD0-AC54-1630AD9A95BB}.Release|Any CPU.ActiveCfg = Release|Any CPU
		{A673FE16-4E44-4DD0-AC54-1630AD9A95BB}.Release|Any CPU.Build.0 = Release|Any CPU
	EndGlobalSection
	GlobalSection(SolutionProperties) = preSolution
		HideSolutionNode = FALSE
	EndGlobalSection
	GlobalSection(ExtensibilityGlobals) = postSolution
		SolutionGuid = {46D4381C-F11F-4D3A-932D-6C6A5F2C434B}
	EndGlobalSection
EndGlobal
